# This file is autogenerated, do not edit; changes may be undone by the next 'dep ensure'.


[[projects]]
  branch = "master"
  digest = "1:e83c0d96f068c6a9c8ac6430ace96637d8ee4afe5e4ebf121f9be274f00462c4"
  name = "github.com/yeka/zip"
  packages = ["."]
  pruneopts = "UT"
  revision = "d046722c6feb70b9352583b652d724f193d932ab"

[[projects]]
  branch = "master"
  digest = "1:f92f6956e4059f6a3efc14924d2dd58ba90da25cc57fe07ae3779ef2f5e0c5f2"
  name = "golang.org/x/crypto"
  packages = ["pbkdf2"]
  pruneopts = "UT"
  revision = "74369b46fc6756741c016591724fd1cb8e26845f"

[solve-meta]
  analyzer-name = "dep"
  analyzer-version = 1
  input-imports = ["github.com/yeka/zip"]
  solver-name = "gps-cdcl"
  solver-version = 1
